
Microsoft Visual Studio Solution File, Format Version 12.00
# Visual Studio 15
VisualStudioVersion = 15.0.28307.705
MinimumVisualStudioVersion = 10.0.40219.1
Project("{9A19103F-16F7-4668-BE54-9A1E7A4F7556}") = "SKM_POC_Standard_Library", "SKM_POC_Standard_vs_Framework\SKM_POC_Standard_Library.csproj", "{1A3D22B6-FF93-4B7A-8F28-157031B8E721}"
EndProject
Project("{FAE04EC0-301F-11D3-BF4B-00C04F79EFBC}") = "SKM_POC_Xamarin.Android", "SKM_POC_Xamarin\SKM_POC_Xamarin.Android\SKM_POC_Xamarin.Android.csproj", "{CBBC4058-CAAF-47CA-9531-1A02A9CE07C6}"
EndProject
Project("{FAE04EC0-301F-11D3-BF4B-00C04F79EFBC}") = "SKM_POC_Xamarin.iOS", "SKM_POC_Xamarin\SKM_POC_Xamarin.iOS\SKM_POC_Xamarin.iOS.csproj", "{ABB19287-8F74-489A-A5A3-AB8368CEC49F}"
EndProject
Project("{FAE04EC0-301F-11D3-BF4B-00C04F79EFBC}") = "SKM_POC_Xamarin.UWP", "SKM_POC_Xamarin\SKM_POC_Xamarin.UWP\SKM_POC_Xamarin.UWP.csproj", "{79894441-3961-4FA7-8B37-38F57E4E5665}"
EndProject
Project("{9A19103F-16F7-4668-BE54-9A1E7A4F7556}") = "SKM_POC_Xamarin", "SKM_POC_Xamarin\SKM_POC_Xamarin\SKM_POC_Xamarin.csproj", "{235D4F3C-4BD5-45C2-842C-DC1BBE47FEAB}"
EndProject
Project("{FAE04EC0-301F-11D3-BF4B-00C04F79EFBC}") = "SKM_POC_Console_Framework", "SKM_POC_Console_Framework\SKM_POC_Console_Framework.csproj", "{CB286CB9-735D-4C4B-83DC-090B9716C6FA}"
EndProject
Project("{F184B08F-C81C-45F6-A57F-5ABD9991F28F}") = "SKM_POC_Console_VB_Framework", "SKM_POC_Console_VB_Framework\SKM_POC_Console_VB_Framework.vbproj", "{4AAE017B-399E-4E78-99B5-EE4EE8B5584F}"
EndProject
Project("{FAE04EC0-301F-11D3-BF4B-00C04F79EFBC}") = "SKM_POC_Framework_Library", "SKM_POC_Framework_Library\SKM_POC_Framework_Library.csproj", "{1AE7CEB6-7DA9-47D6-9AEF-BC423655564C}"
EndProject
Global
	GlobalSection(SolutionConfigurationPlatforms) = preSolution
		Ad-Hoc|Any CPU = Ad-Hoc|Any CPU
		Ad-Hoc|ARM = Ad-Hoc|ARM
		Ad-Hoc|iPhone = Ad-Hoc|iPhone
		Ad-Hoc|iPhoneSimulator = Ad-Hoc|iPhoneSimulator
		Ad-Hoc|x64 = Ad-Hoc|x64
		Ad-Hoc|x86 = Ad-Hoc|x86
		AppStore|Any CPU = AppStore|Any CPU
		AppStore|ARM = AppStore|ARM
		AppStore|iPhone = AppStore|iPhone
		AppStore|iPhoneSimulator = AppStore|iPhoneSimulator
		AppStore|x64 = AppStore|x64
		AppStore|x86 = AppStore|x86
		Debug|Any CPU = Debug|Any CPU
		Debug|ARM = Debug|ARM
		Debug|iPhone = Debug|iPhone
		Debug|iPhoneSimulator = Debug|iPhoneSimulator
		Debug|x64 = Debug|x64
		Debug|x86 = Debug|x86
		Release|Any CPU = Release|Any CPU
		Release|ARM = Release|ARM
		Release|iPhone = Release|iPhone
		Release|iPhoneSimulator = Release|iPhoneSimulator
		Release|x64 = Release|x64
		Release|x86 = Release|x86
	EndGlobalSection
	GlobalSection(ProjectConfigurationPlatforms) = postSolution
		{1A3D22B6-FF93-4B7A-8F28-157031B8E721}.Ad-Hoc|Any CPU.ActiveCfg = Debug|Any CPU
		{1A3D22B6-FF93-4B7A-8F28-157031B8E721}.Ad-Hoc|Any CPU.Build.0 = Debug|Any CPU
		{1A3D22B6-FF93-4B7A-8F28-157031B8E721}.Ad-Hoc|ARM.ActiveCfg = Debug|Any CPU
		{1A3D22B6-FF93-4B7A-8F28-157031B8E721}.Ad-Hoc|ARM.Build.0 = Debug|Any CPU
		{1A3D22B6-FF93-4B7A-8F28-157031B8E721}.Ad-Hoc|iPhone.ActiveCfg = Debug|Any CPU
		{1A3D22B6-FF93-4B7A-8F28-157031B8E721}.Ad-Hoc|iPhone.Build.0 = Debug|Any CPU
		{1A3D22B6-FF93-4B7A-8F28-157031B8E721}.Ad-Hoc|iPhoneSimulator.ActiveCfg = Debug|Any CPU
		{1A3D22B6-FF93-4B7A-8F28-157031B8E721}.Ad-Hoc|iPhoneSimulator.Build.0 = Debug|Any CPU
		{1A3D22B6-FF93-4B7A-8F28-157031B8E721}.Ad-Hoc|x64.ActiveCfg = Debug|Any CPU
		{1A3D22B6-FF93-4B7A-8F28-157031B8E721}.Ad-Hoc|x64.Build.0 = Debug|Any CPU
		{1A3D22B6-FF93-4B7A-8F28-157031B8E721}.Ad-Hoc|x86.ActiveCfg = Debug|Any CPU
		{1A3D22B6-FF93-4B7A-8F28-157031B8E721}.Ad-Hoc|x86.Build.0 = Debug|Any CPU
		{1A3D22B6-FF93-4B7A-8F28-157031B8E721}.AppStore|Any CPU.ActiveCfg = Debug|Any CPU
		{1A3D22B6-FF93-4B7A-8F28-157031B8E721}.AppStore|Any CPU.Build.0 = Debug|Any CPU
		{1A3D22B6-FF93-4B7A-8F28-157031B8E721}.AppStore|ARM.ActiveCfg = Debug|Any CPU
		{1A3D22B6-FF93-4B7A-8F28-157031B8E721}.AppStore|ARM.Build.0 = Debug|Any CPU
		{1A3D22B6-FF93-4B7A-8F28-157031B8E721}.AppStore|iPhone.ActiveCfg = Debug|Any CPU
		{1A3D22B6-FF93-4B7A-8F28-157031B8E721}.AppStore|iPhone.Build.0 = Debug|Any CPU
		{1A3D22B6-FF93-4B7A-8F28-157031B8E721}.AppStore|iPhoneSimulator.ActiveCfg = Debug|Any CPU
		{1A3D22B6-FF93-4B7A-8F28-157031B8E721}.AppStore|iPhoneSimulator.Build.0 = Debug|Any CPU
		{1A3D22B6-FF93-4B7A-8F28-157031B8E721}.AppStore|x64.ActiveCfg = Debug|Any CPU
		{1A3D22B6-FF93-4B7A-8F28-157031B8E721}.AppStore|x64.Build.0 = Debug|Any CPU
		{1A3D22B6-FF93-4B7A-8F28-157031B8E721}.AppStore|x86.ActiveCfg = Debug|Any CPU
		{1A3D22B6-FF93-4B7A-8F28-157031B8E721}.AppStore|x86.Build.0 = Debug|Any CPU
		{1A3D22B6-FF93-4B7A-8F28-157031B8E721}.Debug|Any CPU.ActiveCfg = Debug|Any CPU
		{1A3D22B6-FF93-4B7A-8F28-157031B8E721}.Debug|Any CPU.Build.0 = Debug|Any CPU
		{1A3D22B6-FF93-4B7A-8F28-157031B8E721}.Debug|ARM.ActiveCfg = Debug|Any CPU
		{1A3D22B6-FF93-4B7A-8F28-157031B8E721}.Debug|ARM.Build.0 = Debug|Any CPU
		{1A3D22B6-FF93-4B7A-8F28-157031B8E721}.Debug|iPhone.ActiveCfg = Debug|Any CPU
		{1A3D22B6-FF93-4B7A-8F28-157031B8E721}.Debug|iPhone.Build.0 = Debug|Any CPU
		{1A3D22B6-FF93-4B7A-8F28-157031B8E721}.Debug|iPhoneSimulator.ActiveCfg = Debug|Any CPU
		{1A3D22B6-FF93-4B7A-8F28-157031B8E721}.Debug|iPhoneSimulator.Build.0 = Debug|Any CPU
		{1A3D22B6-FF93-4B7A-8F28-157031B8E721}.Debug|x64.ActiveCfg = Debug|Any CPU
		{1A3D22B6-FF93-4B7A-8F28-157031B8E721}.Debug|x64.Build.0 = Debug|Any CPU
		{1A3D22B6-FF93-4B7A-8F28-157031B8E721}.Debug|x86.ActiveCfg = Debug|Any CPU
		{1A3D22B6-FF93-4B7A-8F28-157031B8E721}.Debug|x86.Build.0 = Debug|Any CPU
		{1A3D22B6-FF93-4B7A-8F28-157031B8E721}.Release|Any CPU.ActiveCfg = Release|Any CPU
		{1A3D22B6-FF93-4B7A-8F28-157031B8E721}.Release|Any CPU.Build.0 = Release|Any CPU
		{1A3D22B6-FF93-4B7A-8F28-157031B8E721}.Release|ARM.ActiveCfg = Release|Any CPU
		{1A3D22B6-FF93-4B7A-8F28-157031B8E721}.Release|ARM.Build.0 = Release|Any CPU
		{1A3D22B6-FF93-4B7A-8F28-157031B8E721}.Release|iPhone.ActiveCfg = Release|Any CPU
		{1A3D22B6-FF93-4B7A-8F28-157031B8E721}.Release|iPhone.Build.0 = Release|Any CPU
		{1A3D22B6-FF93-4B7A-8F28-157031B8E721}.Release|iPhoneSimulator.ActiveCfg = Release|Any CPU
		{1A3D22B6-FF93-4B7A-8F28-157031B8E721}.Release|iPhoneSimulator.Build.0 = Release|Any CPU
		{1A3D22B6-FF93-4B7A-8F28-157031B8E721}.Release|x64.ActiveCfg = Release|Any CPU
		{1A3D22B6-FF93-4B7A-8F28-157031B8E721}.Release|x64.Build.0 = Release|Any CPU
		{1A3D22B6-FF93-4B7A-8F28-157031B8E721}.Release|x86.ActiveCfg = Release|Any CPU
		{1A3D22B6-FF93-4B7A-8F28-157031B8E721}.Release|x86.Build.0 = Release|Any CPU
		{CBBC4058-CAAF-47CA-9531-1A02A9CE07C6}.Ad-Hoc|Any CPU.ActiveCfg = Release|Any CPU
		{CBBC4058-CAAF-47CA-9531-1A02A9CE07C6}.Ad-Hoc|Any CPU.Build.0 = Release|Any CPU
		{CBBC4058-CAAF-47CA-9531-1A02A9CE07C6}.Ad-Hoc|Any CPU.Deploy.0 = Release|Any CPU
		{CBBC4058-CAAF-47CA-9531-1A02A9CE07C6}.Ad-Hoc|ARM.ActiveCfg = Release|Any CPU
		{CBBC4058-CAAF-47CA-9531-1A02A9CE07C6}.Ad-Hoc|ARM.Build.0 = Release|Any CPU
		{CBBC4058-CAAF-47CA-9531-1A02A9CE07C6}.Ad-Hoc|ARM.Deploy.0 = Release|Any CPU
		{CBBC4058-CAAF-47CA-9531-1A02A9CE07C6}.Ad-Hoc|iPhone.ActiveCfg = Release|Any CPU
		{CBBC4058-CAAF-47CA-9531-1A02A9CE07C6}.Ad-Hoc|iPhone.Build.0 = Release|Any CPU
		{CBBC4058-CAAF-47CA-9531-1A02A9CE07C6}.Ad-Hoc|iPhone.Deploy.0 = Release|Any CPU
		{CBBC4058-CAAF-47CA-9531-1A02A9CE07C6}.Ad-Hoc|iPhoneSimulator.ActiveCfg = Release|Any CPU
		{CBBC4058-CAAF-47CA-9531-1A02A9CE07C6}.Ad-Hoc|iPhoneSimulator.Build.0 = Release|Any CPU
		{CBBC4058-CAAF-47CA-9531-1A02A9CE07C6}.Ad-Hoc|iPhoneSimulator.Deploy.0 = Release|Any CPU
		{CBBC4058-CAAF-47CA-9531-1A02A9CE07C6}.Ad-Hoc|x64.ActiveCfg = Release|Any CPU
		{CBBC4058-CAAF-47CA-9531-1A02A9CE07C6}.Ad-Hoc|x64.Build.0 = Release|Any CPU
		{CBBC4058-CAAF-47CA-9531-1A02A9CE07C6}.Ad-Hoc|x64.Deploy.0 = Release|Any CPU
		{CBBC4058-CAAF-47CA-9531-1A02A9CE07C6}.Ad-Hoc|x86.ActiveCfg = Release|Any CPU
		{CBBC4058-CAAF-47CA-9531-1A02A9CE07C6}.Ad-Hoc|x86.Build.0 = Release|Any CPU
		{CBBC4058-CAAF-47CA-9531-1A02A9CE07C6}.Ad-Hoc|x86.Deploy.0 = Release|Any CPU
		{CBBC4058-CAAF-47CA-9531-1A02A9CE07C6}.AppStore|Any CPU.ActiveCfg = Release|Any CPU
		{CBBC4058-CAAF-47CA-9531-1A02A9CE07C6}.AppStore|Any CPU.Build.0 = Release|Any CPU
		{CBBC4058-CAAF-47CA-9531-1A02A9CE07C6}.AppStore|Any CPU.Deploy.0 = Release|Any CPU
		{CBBC4058-CAAF-47CA-9531-1A02A9CE07C6}.AppStore|ARM.ActiveCfg = Release|Any CPU
		{CBBC4058-CAAF-47CA-9531-1A02A9CE07C6}.AppStore|ARM.Build.0 = Release|Any CPU
		{CBBC4058-CAAF-47CA-9531-1A02A9CE07C6}.AppStore|ARM.Deploy.0 = Release|Any CPU
		{CBBC4058-CAAF-47CA-9531-1A02A9CE07C6}.AppStore|iPhone.ActiveCfg = Release|Any CPU
		{CBBC4058-CAAF-47CA-9531-1A02A9CE07C6}.AppStore|iPhone.Build.0 = Release|Any CPU
		{CBBC4058-CAAF-47CA-9531-1A02A9CE07C6}.AppStore|iPhone.Deploy.0 = Release|Any CPU
		{CBBC4058-CAAF-47CA-9531-1A02A9CE07C6}.AppStore|iPhoneSimulator.ActiveCfg = Release|Any CPU
		{CBBC4058-CAAF-47CA-9531-1A02A9CE07C6}.AppStore|iPhoneSimulator.Build.0 = Release|Any CPU
		{CBBC4058-CAAF-47CA-9531-1A02A9CE07C6}.AppStore|iPhoneSimulator.Deploy.0 = Release|Any CPU
		{CBBC4058-CAAF-47CA-9531-1A02A9CE07C6}.AppStore|x64.ActiveCfg = Release|Any CPU
		{CBBC4058-CAAF-47CA-9531-1A02A9CE07C6}.AppStore|x64.Build.0 = Release|Any CPU
		{CBBC4058-CAAF-47CA-9531-1A02A9CE07C6}.AppStore|x64.Deploy.0 = Release|Any CPU
		{CBBC4058-CAAF-47CA-9531-1A02A9CE07C6}.AppStore|x86.ActiveCfg = Release|Any CPU
		{CBBC4058-CAAF-47CA-9531-1A02A9CE07C6}.AppStore|x86.Build.0 = Release|Any CPU
		{CBBC4058-CAAF-47CA-9531-1A02A9CE07C6}.AppStore|x86.Deploy.0 = Release|Any CPU
		{CBBC4058-CAAF-47CA-9531-1A02A9CE07C6}.Debug|Any CPU.ActiveCfg = Debug|Any CPU
		{CBBC4058-CAAF-47CA-9531-1A02A9CE07C6}.Debug|Any CPU.Build.0 = Debug|Any CPU
		{CBBC4058-CAAF-47CA-9531-1A02A9CE07C6}.Debug|Any CPU.Deploy.0 = Debug|Any CPU
		{CBBC4058-CAAF-47CA-9531-1A02A9CE07C6}.Debug|ARM.ActiveCfg = Debug|Any CPU
		{CBBC4058-CAAF-47CA-9531-1A02A9CE07C6}.Debug|ARM.Build.0 = Debug|Any CPU
		{CBBC4058-CAAF-47CA-9531-1A02A9CE07C6}.Debug|ARM.Deploy.0 = Debug|Any CPU
		{CBBC4058-CAAF-47CA-9531-1A02A9CE07C6}.Debug|iPhone.ActiveCfg = Debug|Any CPU
		{CBBC4058-CAAF-47CA-9531-1A02A9CE07C6}.Debug|iPhone.Build.0 = Debug|Any CPU
		{CBBC4058-CAAF-47CA-9531-1A02A9CE07C6}.Debug|iPhone.Deploy.0 = Debug|Any CPU
		{CBBC4058-CAAF-47CA-9531-1A02A9CE07C6}.Debug|iPhoneSimulator.ActiveCfg = Debug|Any CPU
		{CBBC4058-CAAF-47CA-9531-1A02A9CE07C6}.Debug|iPhoneSimulator.Build.0 = Debug|Any CPU
		{CBBC4058-CAAF-47CA-9531-1A02A9CE07C6}.Debug|iPhoneSimulator.Deploy.0 = Debug|Any CPU
		{CBBC4058-CAAF-47CA-9531-1A02A9CE07C6}.Debug|x64.ActiveCfg = Debug|Any CPU
		{CBBC4058-CAAF-47CA-9531-1A02A9CE07C6}.Debug|x64.Build.0 = Debug|Any CPU
		{CBBC4058-CAAF-47CA-9531-1A02A9CE07C6}.Debug|x64.Deploy.0 = Debug|Any CPU
		{CBBC4058-CAAF-47CA-9531-1A02A9CE07C6}.Debug|x86.ActiveCfg = Debug|Any CPU
		{CBBC4058-CAAF-47CA-9531-1A02A9CE07C6}.Debug|x86.Build.0 = Debug|Any CPU
		{CBBC4058-CAAF-47CA-9531-1A02A9CE07C6}.Debug|x86.Deploy.0 = Debug|Any CPU
		{CBBC4058-CAAF-47CA-9531-1A02A9CE07C6}.Release|Any CPU.ActiveCfg = Release|Any CPU
		{CBBC4058-CAAF-47CA-9531-1A02A9CE07C6}.Release|Any CPU.Build.0 = Release|Any CPU
		{CBBC4058-CAAF-47CA-9531-1A02A9CE07C6}.Release|Any CPU.Deploy.0 = Release|Any CPU
		{CBBC4058-CAAF-47CA-9531-1A02A9CE07C6}.Release|ARM.ActiveCfg = Release|Any CPU
		{CBBC4058-CAAF-47CA-9531-1A02A9CE07C6}.Release|ARM.Build.0 = Release|Any CPU
		{CBBC4058-CAAF-47CA-9531-1A02A9CE07C6}.Release|ARM.Deploy.0 = Release|Any CPU
		{CBBC4058-CAAF-47CA-9531-1A02A9CE07C6}.Release|iPhone.ActiveCfg = Release|Any CPU
		{CBBC4058-CAAF-47CA-9531-1A02A9CE07C6}.Release|iPhone.Build.0 = Release|Any CPU
		{CBBC4058-CAAF-47CA-9531-1A02A9CE07C6}.Release|iPhone.Deploy.0 = Release|Any CPU
		{CBBC4058-CAAF-47CA-9531-1A02A9CE07C6}.Release|iPhoneSimulator.ActiveCfg = Release|Any CPU
		{CBBC4058-CAAF-47CA-9531-1A02A9CE07C6}.Release|iPhoneSimulator.Build.0 = Release|Any CPU
		{CBBC4058-CAAF-47CA-9531-1A02A9CE07C6}.Release|iPhoneSimulator.Deploy.0 = Release|Any CPU
		{CBBC4058-CAAF-47CA-9531-1A02A9CE07C6}.Release|x64.ActiveCfg = Release|Any CPU
		{CBBC4058-CAAF-47CA-9531-1A02A9CE07C6}.Release|x64.Build.0 = Release|Any CPU
		{CBBC4058-CAAF-47CA-9531-1A02A9CE07C6}.Release|x64.Deploy.0 = Release|Any CPU
		{CBBC4058-CAAF-47CA-9531-1A02A9CE07C6}.Release|x86.ActiveCfg = Release|Any CPU
		{CBBC4058-CAAF-47CA-9531-1A02A9CE07C6}.Release|x86.Build.0 = Release|Any CPU
		{CBBC4058-CAAF-47CA-9531-1A02A9CE07C6}.Release|x86.Deploy.0 = Release|Any CPU
		{ABB19287-8F74-489A-A5A3-AB8368CEC49F}.Ad-Hoc|Any CPU.ActiveCfg = Ad-Hoc|iPhone
		{ABB19287-8F74-489A-A5A3-AB8368CEC49F}.Ad-Hoc|ARM.ActiveCfg = Ad-Hoc|iPhone
		{ABB19287-8F74-489A-A5A3-AB8368CEC49F}.Ad-Hoc|iPhone.ActiveCfg = Ad-Hoc|iPhone
		{ABB19287-8F74-489A-A5A3-AB8368CEC49F}.Ad-Hoc|iPhone.Build.0 = Ad-Hoc|iPhone
		{ABB19287-8F74-489A-A5A3-AB8368CEC49F}.Ad-Hoc|iPhoneSimulator.ActiveCfg = Ad-Hoc|iPhoneSimulator
		{ABB19287-8F74-489A-A5A3-AB8368CEC49F}.Ad-Hoc|iPhoneSimulator.Build.0 = Ad-Hoc|iPhoneSimulator
		{ABB19287-8F74-489A-A5A3-AB8368CEC49F}.Ad-Hoc|x64.ActiveCfg = Ad-Hoc|iPhone
		{ABB19287-8F74-489A-A5A3-AB8368CEC49F}.Ad-Hoc|x86.ActiveCfg = Ad-Hoc|iPhone
		{ABB19287-8F74-489A-A5A3-AB8368CEC49F}.AppStore|Any CPU.ActiveCfg = AppStore|iPhone
		{ABB19287-8F74-489A-A5A3-AB8368CEC49F}.AppStore|ARM.ActiveCfg = AppStore|iPhone
		{ABB19287-8F74-489A-A5A3-AB8368CEC49F}.AppStore|iPhone.ActiveCfg = AppStore|iPhone
		{ABB19287-8F74-489A-A5A3-AB8368CEC49F}.AppStore|iPhone.Build.0 = AppStore|iPhone
		{ABB19287-8F74-489A-A5A3-AB8368CEC49F}.AppStore|iPhoneSimulator.ActiveCfg = AppStore|iPhoneSimulator
		{ABB19287-8F74-489A-A5A3-AB8368CEC49F}.AppStore|iPhoneSimulator.Build.0 = AppStore|iPhoneSimulator
		{ABB19287-8F74-489A-A5A3-AB8368CEC49F}.AppStore|x64.ActiveCfg = AppStore|iPhone
		{ABB19287-8F74-489A-A5A3-AB8368CEC49F}.AppStore|x86.ActiveCfg = AppStore|iPhone
		{ABB19287-8F74-489A-A5A3-AB8368CEC49F}.Debug|Any CPU.ActiveCfg = Debug|iPhone
		{ABB19287-8F74-489A-A5A3-AB8368CEC49F}.Debug|ARM.ActiveCfg = Debug|iPhone
		{ABB19287-8F74-489A-A5A3-AB8368CEC49F}.Debug|iPhone.ActiveCfg = Debug|iPhone
		{ABB19287-8F74-489A-A5A3-AB8368CEC49F}.Debug|iPhone.Build.0 = Debug|iPhone
		{ABB19287-8F74-489A-A5A3-AB8368CEC49F}.Debug|iPhoneSimulator.ActiveCfg = Debug|iPhoneSimulator
		{ABB19287-8F74-489A-A5A3-AB8368CEC49F}.Debug|iPhoneSimulator.Build.0 = Debug|iPhoneSimulator
		{ABB19287-8F74-489A-A5A3-AB8368CEC49F}.Debug|x64.ActiveCfg = Debug|iPhone
		{ABB19287-8F74-489A-A5A3-AB8368CEC49F}.Debug|x86.ActiveCfg = Debug|iPhone
		{ABB19287-8F74-489A-A5A3-AB8368CEC49F}.Release|Any CPU.ActiveCfg = Release|iPhone
		{ABB19287-8F74-489A-A5A3-AB8368CEC49F}.Release|ARM.ActiveCfg = Release|iPhone
		{ABB19287-8F74-489A-A5A3-AB8368CEC49F}.Release|iPhone.ActiveCfg = Release|iPhone
		{ABB19287-8F74-489A-A5A3-AB8368CEC49F}.Release|iPhone.Build.0 = Release|iPhone
		{ABB19287-8F74-489A-A5A3-AB8368CEC49F}.Release|iPhoneSimulator.ActiveCfg = Release|iPhoneSimulator
		{ABB19287-8F74-489A-A5A3-AB8368CEC49F}.Release|iPhoneSimulator.Build.0 = Release|iPhoneSimulator
		{ABB19287-8F74-489A-A5A3-AB8368CEC49F}.Release|x64.ActiveCfg = Release|iPhone
		{ABB19287-8F74-489A-A5A3-AB8368CEC49F}.Release|x86.ActiveCfg = Release|iPhone
		{79894441-3961-4FA7-8B37-38F57E4E5665}.Ad-Hoc|Any CPU.ActiveCfg = Release|x86
		{79894441-3961-4FA7-8B37-38F57E4E5665}.Ad-Hoc|Any CPU.Build.0 = Release|x86
		{79894441-3961-4FA7-8B37-38F57E4E5665}.Ad-Hoc|Any CPU.Deploy.0 = Release|x86
		{79894441-3961-4FA7-8B37-38F57E4E5665}.Ad-Hoc|ARM.ActiveCfg = Release|ARM
		{79894441-3961-4FA7-8B37-38F57E4E5665}.Ad-Hoc|ARM.Build.0 = Release|ARM
		{79894441-3961-4FA7-8B37-38F57E4E5665}.Ad-Hoc|ARM.Deploy.0 = Release|ARM
		{79894441-3961-4FA7-8B37-38F57E4E5665}.Ad-Hoc|iPhone.ActiveCfg = Release|x86
		{79894441-3961-4FA7-8B37-38F57E4E5665}.Ad-Hoc|iPhone.Build.0 = Release|x86
		{79894441-3961-4FA7-8B37-38F57E4E5665}.Ad-Hoc|iPhone.Deploy.0 = Release|x86
		{79894441-3961-4FA7-8B37-38F57E4E5665}.Ad-Hoc|iPhoneSimulator.ActiveCfg = Release|x86
		{79894441-3961-4FA7-8B37-38F57E4E5665}.Ad-Hoc|iPhoneSimulator.Build.0 = Release|x86
		{79894441-3961-4FA7-8B37-38F57E4E5665}.Ad-Hoc|iPhoneSimulator.Deploy.0 = Release|x86
		{79894441-3961-4FA7-8B37-38F57E4E5665}.Ad-Hoc|x64.ActiveCfg = Release|x64
		{79894441-3961-4FA7-8B37-38F57E4E5665}.Ad-Hoc|x64.Build.0 = Release|x64
		{79894441-3961-4FA7-8B37-38F57E4E5665}.Ad-Hoc|x64.Deploy.0 = Release|x64
		{79894441-3961-4FA7-8B37-38F57E4E5665}.Ad-Hoc|x86.ActiveCfg = Release|x86
		{79894441-3961-4FA7-8B37-38F57E4E5665}.Ad-Hoc|x86.Build.0 = Release|x86
		{79894441-3961-4FA7-8B37-38F57E4E5665}.Ad-Hoc|x86.Deploy.0 = Release|x86
		{79894441-3961-4FA7-8B37-38F57E4E5665}.AppStore|Any CPU.ActiveCfg = Release|x86
		{79894441-3961-4FA7-8B37-38F57E4E5665}.AppStore|Any CPU.Build.0 = Release|x86
		{79894441-3961-4FA7-8B37-38F57E4E5665}.AppStore|Any CPU.Deploy.0 = Release|x86
		{79894441-3961-4FA7-8B37-38F57E4E5665}.AppStore|ARM.ActiveCfg = Release|ARM
		{79894441-3961-4FA7-8B37-38F57E4E5665}.AppStore|ARM.Build.0 = Release|ARM
		{79894441-3961-4FA7-8B37-38F57E4E5665}.AppStore|ARM.Deploy.0 = Release|ARM
		{79894441-3961-4FA7-8B37-38F57E4E5665}.AppStore|iPhone.ActiveCfg = Release|x86
		{79894441-3961-4FA7-8B37-38F57E4E5665}.AppStore|iPhone.Build.0 = Release|x86
		{79894441-3961-4FA7-8B37-38F57E4E5665}.AppStore|iPhone.Deploy.0 = Release|x86
		{79894441-3961-4FA7-8B37-38F57E4E5665}.AppStore|iPhoneSimulator.ActiveCfg = Release|x86
		{79894441-3961-4FA7-8B37-38F57E4E5665}.AppStore|iPhoneSimulator.Build.0 = Release|x86
		{79894441-3961-4FA7-8B37-38F57E4E5665}.AppStore|iPhoneSimulator.Deploy.0 = Release|x86
		{79894441-3961-4FA7-8B37-38F57E4E5665}.AppStore|x64.ActiveCfg = Release|x64
		{79894441-3961-4FA7-8B37-38F57E4E5665}.AppStore|x64.Build.0 = Release|x64
		{79894441-3961-4FA7-8B37-38F57E4E5665}.AppStore|x64.Deploy.0 = Release|x64
		{79894441-3961-4FA7-8B37-38F57E4E5665}.AppStore|x86.ActiveCfg = Release|x86
		{79894441-3961-4FA7-8B37-38F57E4E5665}.AppStore|x86.Build.0 = Release|x86
		{79894441-3961-4FA7-8B37-38F57E4E5665}.AppStore|x86.Deploy.0 = Release|x86
		{79894441-3961-4FA7-8B37-38F57E4E5665}.Debug|Any CPU.ActiveCfg = Debug|x86
		{79894441-3961-4FA7-8B37-38F57E4E5665}.Debug|ARM.ActiveCfg = Debug|ARM
		{79894441-3961-4FA7-8B37-38F57E4E5665}.Debug|ARM.Build.0 = Debug|ARM
		{79894441-3961-4FA7-8B37-38F57E4E5665}.Debug|ARM.Deploy.0 = Debug|ARM
		{79894441-3961-4FA7-8B37-38F57E4E5665}.Debug|iPhone.ActiveCfg = Debug|x86
		{79894441-3961-4FA7-8B37-38F57E4E5665}.Debug|iPhoneSimulator.ActiveCfg = Debug|x86
		{79894441-3961-4FA7-8B37-38F57E4E5665}.Debug|x64.ActiveCfg = Debug|x64
		{79894441-3961-4FA7-8B37-38F57E4E5665}.Debug|x64.Build.0 = Debug|x64
		{79894441-3961-4FA7-8B37-38F57E4E5665}.Debug|x64.Deploy.0 = Debug|x64
		{79894441-3961-4FA7-8B37-38F57E4E5665}.Debug|x86.ActiveCfg = Debug|x86
		{79894441-3961-4FA7-8B37-38F57E4E5665}.Debug|x86.Build.0 = Debug|x86
		{79894441-3961-4FA7-8B37-38F57E4E5665}.Debug|x86.Deploy.0 = Debug|x86
		{79894441-3961-4FA7-8B37-38F57E4E5665}.Release|Any CPU.ActiveCfg = Release|x86
		{79894441-3961-4FA7-8B37-38F57E4E5665}.Release|ARM.ActiveCfg = Release|ARM
		{79894441-3961-4FA7-8B37-38F57E4E5665}.Release|ARM.Build.0 = Release|ARM
		{79894441-3961-4FA7-8B37-38F57E4E5665}.Release|ARM.Deploy.0 = Release|ARM
		{79894441-3961-4FA7-8B37-38F57E4E5665}.Release|iPhone.ActiveCfg = Release|x86
		{79894441-3961-4FA7-8B37-38F57E4E5665}.Release|iPhoneSimulator.ActiveCfg = Release|x86
		{79894441-3961-4FA7-8B37-38F57E4E5665}.Release|x64.ActiveCfg = Release|x64
		{79894441-3961-4FA7-8B37-38F57E4E5665}.Release|x64.Build.0 = Release|x64
		{79894441-3961-4FA7-8B37-38F57E4E5665}.Release|x64.Deploy.0 = Release|x64
		{79894441-3961-4FA7-8B37-38F57E4E5665}.Release|x86.ActiveCfg = Release|x86
		{79894441-3961-4FA7-8B37-38F57E4E5665}.Release|x86.Build.0 = Release|x86
		{79894441-3961-4FA7-8B37-38F57E4E5665}.Release|x86.Deploy.0 = Release|x86
		{235D4F3C-4BD5-45C2-842C-DC1BBE47FEAB}.Ad-Hoc|Any CPU.ActiveCfg = Debug|Any CPU
		{235D4F3C-4BD5-45C2-842C-DC1BBE47FEAB}.Ad-Hoc|Any CPU.Build.0 = Debug|Any CPU
		{235D4F3C-4BD5-45C2-842C-DC1BBE47FEAB}.Ad-Hoc|ARM.ActiveCfg = Debug|Any CPU
		{235D4F3C-4BD5-45C2-842C-DC1BBE47FEAB}.Ad-Hoc|ARM.Build.0 = Debug|Any CPU
		{235D4F3C-4BD5-45C2-842C-DC1BBE47FEAB}.Ad-Hoc|iPhone.ActiveCfg = Debug|Any CPU
		{235D4F3C-4BD5-45C2-842C-DC1BBE47FEAB}.Ad-Hoc|iPhone.Build.0 = Debug|Any CPU
		{235D4F3C-4BD5-45C2-842C-DC1BBE47FEAB}.Ad-Hoc|iPhoneSimulator.ActiveCfg = Debug|Any CPU
		{235D4F3C-4BD5-45C2-842C-DC1BBE47FEAB}.Ad-Hoc|iPhoneSimulator.Build.0 = Debug|Any CPU
		{235D4F3C-4BD5-45C2-842C-DC1BBE47FEAB}.Ad-Hoc|x64.ActiveCfg = Debug|Any CPU
		{235D4F3C-4BD5-45C2-842C-DC1BBE47FEAB}.Ad-Hoc|x64.Build.0 = Debug|Any CPU
		{235D4F3C-4BD5-45C2-842C-DC1BBE47FEAB}.Ad-Hoc|x86.ActiveCfg = Debug|Any CPU
		{235D4F3C-4BD5-45C2-842C-DC1BBE47FEAB}.Ad-Hoc|x86.Build.0 = Debug|Any CPU
		{235D4F3C-4BD5-45C2-842C-DC1BBE47FEAB}.AppStore|Any CPU.ActiveCfg = Debug|Any CPU
		{235D4F3C-4BD5-45C2-842C-DC1BBE47FEAB}.AppStore|Any CPU.Build.0 = Debug|Any CPU
		{235D4F3C-4BD5-45C2-842C-DC1BBE47FEAB}.AppStore|ARM.ActiveCfg = Debug|Any CPU
		{235D4F3C-4BD5-45C2-842C-DC1BBE47FEAB}.AppStore|ARM.Build.0 = Debug|Any CPU
		{235D4F3C-4BD5-45C2-842C-DC1BBE47FEAB}.AppStore|iPhone.ActiveCfg = Debug|Any CPU
		{235D4F3C-4BD5-45C2-842C-DC1BBE47FEAB}.AppStore|iPhone.Build.0 = Debug|Any CPU
		{235D4F3C-4BD5-45C2-842C-DC1BBE47FEAB}.AppStore|iPhoneSimulator.ActiveCfg = Debug|Any CPU
		{235D4F3C-4BD5-45C2-842C-DC1BBE47FEAB}.AppStore|iPhoneSimulator.Build.0 = Debug|Any CPU
		{235D4F3C-4BD5-45C2-842C-DC1BBE47FEAB}.AppStore|x64.ActiveCfg = Debug|Any CPU
		{235D4F3C-4BD5-45C2-842C-DC1BBE47FEAB}.AppStore|x64.Build.0 = Debug|Any CPU
		{235D4F3C-4BD5-45C2-842C-DC1BBE47FEAB}.AppStore|x86.ActiveCfg = Debug|Any CPU
		{235D4F3C-4BD5-45C2-842C-DC1BBE47FEAB}.AppStore|x86.Build.0 = Debug|Any CPU
		{235D4F3C-4BD5-45C2-842C-DC1BBE47FEAB}.Debug|Any CPU.ActiveCfg = Debug|Any CPU
		{235D4F3C-4BD5-45C2-842C-DC1BBE47FEAB}.Debug|Any CPU.Build.0 = Debug|Any CPU
		{235D4F3C-4BD5-45C2-842C-DC1BBE47FEAB}.Debug|ARM.ActiveCfg = Debug|Any CPU
		{235D4F3C-4BD5-45C2-842C-DC1BBE47FEAB}.Debug|ARM.Build.0 = Debug|Any CPU
		{235D4F3C-4BD5-45C2-842C-DC1BBE47FEAB}.Debug|iPhone.ActiveCfg = Debug|Any CPU
		{235D4F3C-4BD5-45C2-842C-DC1BBE47FEAB}.Debug|iPhone.Build.0 = Debug|Any CPU
		{235D4F3C-4BD5-45C2-842C-DC1BBE47FEAB}.Debug|iPhoneSimulator.ActiveCfg = Debug|Any CPU
		{235D4F3C-4BD5-45C2-842C-DC1BBE47FEAB}.Debug|iPhoneSimulator.Build.0 = Debug|Any CPU
		{235D4F3C-4BD5-45C2-842C-DC1BBE47FEAB}.Debug|x64.ActiveCfg = Debug|Any CPU
		{235D4F3C-4BD5-45C2-842C-DC1BBE47FEAB}.Debug|x64.Build.0 = Debug|Any CPU
		{235D4F3C-4BD5-45C2-842C-DC1BBE47FEAB}.Debug|x86.ActiveCfg = Debug|Any CPU
		{235D4F3C-4BD5-45C2-842C-DC1BBE47FEAB}.Debug|x86.Build.0 = Debug|Any CPU
		{235D4F3C-4BD5-45C2-842C-DC1BBE47FEAB}.Release|Any CPU.ActiveCfg = Release|Any CPU
		{235D4F3C-4BD5-45C2-842C-DC1BBE47FEAB}.Release|Any CPU.Build.0 = Release|Any CPU
		{235D4F3C-4BD5-45C2-842C-DC1BBE47FEAB}.Release|ARM.ActiveCfg = Release|Any CPU
		{235D4F3C-4BD5-45C2-842C-DC1BBE47FEAB}.Release|ARM.Build.0 = Release|Any CPU
		{235D4F3C-4BD5-45C2-842C-DC1BBE47FEAB}.Release|iPhone.ActiveCfg = Release|Any CPU
		{235D4F3C-4BD5-45C2-842C-DC1BBE47FEAB}.Release|iPhone.Build.0 = Release|Any CPU
		{235D4F3C-4BD5-45C2-842C-DC1BBE47FEAB}.Release|iPhoneSimulator.ActiveCfg = Release|Any CPU
		{235D4F3C-4BD5-45C2-842C-DC1BBE47FEAB}.Release|iPhoneSimulator.Build.0 = Release|Any CPU
		{235D4F3C-4BD5-45C2-842C-DC1BBE47FEAB}.Release|x64.ActiveCfg = Release|Any CPU
		{235D4F3C-4BD5-45C2-842C-DC1BBE47FEAB}.Release|x64.Build.0 = Release|Any CPU
		{235D4F3C-4BD5-45C2-842C-DC1BBE47FEAB}.Release|x86.ActiveCfg = Release|Any CPU
		{235D4F3C-4BD5-45C2-842C-DC1BBE47FEAB}.Release|x86.Build.0 = Release|Any CPU
		{CB286CB9-735D-4C4B-83DC-090B9716C6FA}.Ad-Hoc|Any CPU.ActiveCfg = Release|Any CPU
		{CB286CB9-735D-4C4B-83DC-090B9716C6FA}.Ad-Hoc|Any CPU.Build.0 = Release|Any CPU
		{CB286CB9-735D-4C4B-83DC-090B9716C6FA}.Ad-Hoc|ARM.ActiveCfg = Release|Any CPU
		{CB286CB9-735D-4C4B-83DC-090B9716C6FA}.Ad-Hoc|ARM.Build.0 = Release|Any CPU
		{CB286CB9-735D-4C4B-83DC-090B9716C6FA}.Ad-Hoc|iPhone.ActiveCfg = Release|Any CPU
		{CB286CB9-735D-4C4B-83DC-090B9716C6FA}.Ad-Hoc|iPhone.Build.0 = Release|Any CPU
		{CB286CB9-735D-4C4B-83DC-090B9716C6FA}.Ad-Hoc|iPhoneSimulator.ActiveCfg = Release|Any CPU
		{CB286CB9-735D-4C4B-83DC-090B9716C6FA}.Ad-Hoc|iPhoneSimulator.Build.0 = Release|Any CPU
		{CB286CB9-735D-4C4B-83DC-090B9716C6FA}.Ad-Hoc|x64.ActiveCfg = Release|Any CPU
		{CB286CB9-735D-4C4B-83DC-090B9716C6FA}.Ad-Hoc|x64.Build.0 = Release|Any CPU
		{CB286CB9-735D-4C4B-83DC-090B9716C6FA}.Ad-Hoc|x86.ActiveCfg = Release|Any CPU
		{CB286CB9-735D-4C4B-83DC-090B9716C6FA}.Ad-Hoc|x86.Build.0 = Release|Any CPU
		{CB286CB9-735D-4C4B-83DC-090B9716C6FA}.AppStore|Any CPU.ActiveCfg = Release|Any CPU
		{CB286CB9-735D-4C4B-83DC-090B9716C6FA}.AppStore|Any CPU.Build.0 = Release|Any CPU
		{CB286CB9-735D-4C4B-83DC-090B9716C6FA}.AppStore|ARM.ActiveCfg = Release|Any CPU
		{CB286CB9-735D-4C4B-83DC-090B9716C6FA}.AppStore|ARM.Build.0 = Release|Any CPU
		{CB286CB9-735D-4C4B-83DC-090B9716C6FA}.AppStore|iPhone.ActiveCfg = Release|Any CPU
		{CB286CB9-735D-4C4B-83DC-090B9716C6FA}.AppStore|iPhone.Build.0 = Release|Any CPU
		{CB286CB9-735D-4C4B-83DC-090B9716C6FA}.AppStore|iPhoneSimulator.ActiveCfg = Release|Any CPU
		{CB286CB9-735D-4C4B-83DC-090B9716C6FA}.AppStore|iPhoneSimulator.Build.0 = Release|Any CPU
		{CB286CB9-735D-4C4B-83DC-090B9716C6FA}.AppStore|x64.ActiveCfg = Release|Any CPU
		{CB286CB9-735D-4C4B-83DC-090B9716C6FA}.AppStore|x64.Build.0 = Release|Any CPU
		{CB286CB9-735D-4C4B-83DC-090B9716C6FA}.AppStore|x86.ActiveCfg = Release|Any CPU
		{CB286CB9-735D-4C4B-83DC-090B9716C6FA}.AppStore|x86.Build.0 = Release|Any CPU
		{CB286CB9-735D-4C4B-83DC-090B9716C6FA}.Debug|Any CPU.ActiveCfg = Debug|Any CPU
		{CB286CB9-735D-4C4B-83DC-090B9716C6FA}.Debug|Any CPU.Build.0 = Debug|Any CPU
		{CB286CB9-735D-4C4B-83DC-090B9716C6FA}.Debug|ARM.ActiveCfg = Debug|Any CPU
		{CB286CB9-735D-4C4B-83DC-090B9716C6FA}.Debug|ARM.Build.0 = Debug|Any CPU
		{CB286CB9-735D-4C4B-83DC-090B9716C6FA}.Debug|iPhone.ActiveCfg = Debug|Any CPU
		{CB286CB9-735D-4C4B-83DC-090B9716C6FA}.Debug|iPhone.Build.0 = Debug|Any CPU
		{CB286CB9-735D-4C4B-83DC-090B9716C6FA}.Debug|iPhoneSimulator.ActiveCfg = Debug|Any CPU
		{CB286CB9-735D-4C4B-83DC-090B9716C6FA}.Debug|iPhoneSimulator.Build.0 = Debug|Any CPU
		{CB286CB9-735D-4C4B-83DC-090B9716C6FA}.Debug|x64.ActiveCfg = Debug|Any CPU
		{CB286CB9-735D-4C4B-83DC-090B9716C6FA}.Debug|x64.Build.0 = Debug|Any CPU
		{CB286CB9-735D-4C4B-83DC-090B9716C6FA}.Debug|x86.ActiveCfg = Debug|Any CPU
		{CB286CB9-735D-4C4B-83DC-090B9716C6FA}.Debug|x86.Build.0 = Debug|Any CPU
		{CB286CB9-735D-4C4B-83DC-090B9716C6FA}.Release|Any CPU.ActiveCfg = Release|Any CPU
		{CB286CB9-735D-4C4B-83DC-090B9716C6FA}.Release|Any CPU.Build.0 = Release|Any CPU
		{CB286CB9-735D-4C4B-83DC-090B9716C6FA}.Release|ARM.ActiveCfg = Release|Any CPU
		{CB286CB9-735D-4C4B-83DC-090B9716C6FA}.Release|ARM.Build.0 = Release|Any CPU
		{CB286CB9-735D-4C4B-83DC-090B9716C6FA}.Release|iPhone.ActiveCfg = Release|Any CPU
		{CB286CB9-735D-4C4B-83DC-090B9716C6FA}.Release|iPhone.Build.0 = Release|Any CPU
		{CB286CB9-735D-4C4B-83DC-090B9716C6FA}.Release|iPhoneSimulator.ActiveCfg = Release|Any CPU
		{CB286CB9-735D-4C4B-83DC-090B9716C6FA}.Release|iPhoneSimulator.Build.0 = Release|Any CPU
		{CB286CB9-735D-4C4B-83DC-090B9716C6FA}.Release|x64.ActiveCfg = Release|Any CPU
		{CB286CB9-735D-4C4B-83DC-090B9716C6FA}.Release|x64.Build.0 = Release|Any CPU
		{CB286CB9-735D-4C4B-83DC-090B9716C6FA}.Release|x86.ActiveCfg = Release|Any CPU
		{CB286CB9-735D-4C4B-83DC-090B9716C6FA}.Release|x86.Build.0 = Release|Any CPU
		{4AAE017B-399E-4E78-99B5-EE4EE8B5584F}.Ad-Hoc|Any CPU.ActiveCfg = Release|Any CPU
		{4AAE017B-399E-4E78-99B5-EE4EE8B5584F}.Ad-Hoc|Any CPU.Build.0 = Release|Any CPU
		{4AAE017B-399E-4E78-99B5-EE4EE8B5584F}.Ad-Hoc|ARM.ActiveCfg = Release|Any CPU
		{4AAE017B-399E-4E78-99B5-EE4EE8B5584F}.Ad-Hoc|ARM.Build.0 = Release|Any CPU
		{4AAE017B-399E-4E78-99B5-EE4EE8B5584F}.Ad-Hoc|iPhone.ActiveCfg = Release|Any CPU
		{4AAE017B-399E-4E78-99B5-EE4EE8B5584F}.Ad-Hoc|iPhone.Build.0 = Release|Any CPU
		{4AAE017B-399E-4E78-99B5-EE4EE8B5584F}.Ad-Hoc|iPhoneSimulator.ActiveCfg = Release|Any CPU
		{4AAE017B-399E-4E78-99B5-EE4EE8B5584F}.Ad-Hoc|iPhoneSimulator.Build.0 = Release|Any CPU
		{4AAE017B-399E-4E78-99B5-EE4EE8B5584F}.Ad-Hoc|x64.ActiveCfg = Release|Any CPU
		{4AAE017B-399E-4E78-99B5-EE4EE8B5584F}.Ad-Hoc|x64.Build.0 = Release|Any CPU
		{4AAE017B-399E-4E78-99B5-EE4EE8B5584F}.Ad-Hoc|x86.ActiveCfg = Release|Any CPU
		{4AAE017B-399E-4E78-99B5-EE4EE8B5584F}.Ad-Hoc|x86.Build.0 = Release|Any CPU
		{4AAE017B-399E-4E78-99B5-EE4EE8B5584F}.AppStore|Any CPU.ActiveCfg = Release|Any CPU
		{4AAE017B-399E-4E78-99B5-EE4EE8B5584F}.AppStore|Any CPU.Build.0 = Release|Any CPU
		{4AAE017B-399E-4E78-99B5-EE4EE8B5584F}.AppStore|ARM.ActiveCfg = Release|Any CPU
		{4AAE017B-399E-4E78-99B5-EE4EE8B5584F}.AppStore|ARM.Build.0 = Release|Any CPU
		{4AAE017B-399E-4E78-99B5-EE4EE8B5584F}.AppStore|iPhone.ActiveCfg = Release|Any CPU
		{4AAE017B-399E-4E78-99B5-EE4EE8B5584F}.AppStore|iPhone.Build.0 = Release|Any CPU
		{4AAE017B-399E-4E78-99B5-EE4EE8B5584F}.AppStore|iPhoneSimulator.ActiveCfg = Release|Any CPU
		{4AAE017B-399E-4E78-99B5-EE4EE8B5584F}.AppStore|iPhoneSimulator.Build.0 = Release|Any CPU
		{4AAE017B-399E-4E78-99B5-EE4EE8B5584F}.AppStore|x64.ActiveCfg = Release|Any CPU
		{4AAE017B-399E-4E78-99B5-EE4EE8B5584F}.AppStore|x64.Build.0 = Release|Any CPU
		{4AAE017B-399E-4E78-99B5-EE4EE8B5584F}.AppStore|x86.ActiveCfg = Release|Any CPU
		{4AAE017B-399E-4E78-99B5-EE4EE8B5584F}.AppStore|x86.Build.0 = Release|Any CPU
		{4AAE017B-399E-4E78-99B5-EE4EE8B5584F}.Debug|Any CPU.ActiveCfg = Debug|Any CPU
		{4AAE017B-399E-4E78-99B5-EE4EE8B5584F}.Debug|Any CPU.Build.0 = Debug|Any CPU
		{4AAE017B-399E-4E78-99B5-EE4EE8B5584F}.Debug|ARM.ActiveCfg = Debug|Any CPU
		{4AAE017B-399E-4E78-99B5-EE4EE8B5584F}.Debug|ARM.Build.0 = Debug|Any CPU
		{4AAE017B-399E-4E78-99B5-EE4EE8B5584F}.Debug|iPhone.ActiveCfg = Debug|Any CPU
		{4AAE017B-399E-4E78-99B5-EE4EE8B5584F}.Debug|iPhone.Build.0 = Debug|Any CPU
		{4AAE017B-399E-4E78-99B5-EE4EE8B5584F}.Debug|iPhoneSimulator.ActiveCfg = Debug|Any CPU
		{4AAE017B-399E-4E78-99B5-EE4EE8B5584F}.Debug|iPhoneSimulator.Build.0 = Debug|Any CPU
		{4AAE017B-399E-4E78-99B5-EE4EE8B5584F}.Debug|x64.ActiveCfg = Debug|Any CPU
		{4AAE017B-399E-4E78-99B5-EE4EE8B5584F}.Debug|x64.Build.0 = Debug|Any CPU
		{4AAE017B-399E-4E78-99B5-EE4EE8B5584F}.Debug|x86.ActiveCfg = Debug|Any CPU
		{4AAE017B-399E-4E78-99B5-EE4EE8B5584F}.Debug|x86.Build.0 = Debug|Any CPU
		{4AAE017B-399E-4E78-99B5-EE4EE8B5584F}.Release|Any CPU.ActiveCfg = Release|Any CPU
		{4AAE017B-399E-4E78-99B5-EE4EE8B5584F}.Release|Any CPU.Build.0 = Release|Any CPU
		{4AAE017B-399E-4E78-99B5-EE4EE8B5584F}.Release|ARM.ActiveCfg = Release|Any CPU
		{4AAE017B-399E-4E78-99B5-EE4EE8B5584F}.Release|ARM.Build.0 = Release|Any CPU
		{4AAE017B-399E-4E78-99B5-EE4EE8B5584F}.Release|iPhone.ActiveCfg = Release|Any CPU
		{4AAE017B-399E-4E78-99B5-EE4EE8B5584F}.Release|iPhone.Build.0 = Release|Any CPU
		{4AAE017B-399E-4E78-99B5-EE4EE8B5584F}.Release|iPhoneSimulator.ActiveCfg = Release|Any CPU
		{4AAE017B-399E-4E78-99B5-EE4EE8B5584F}.Release|iPhoneSimulator.Build.0 = Release|Any CPU
		{4AAE017B-399E-4E78-99B5-EE4EE8B5584F}.Release|x64.ActiveCfg = Release|Any CPU
		{4AAE017B-399E-4E78-99B5-EE4EE8B5584F}.Release|x64.Build.0 = Release|Any CPU
		{4AAE017B-399E-4E78-99B5-EE4EE8B5584F}.Release|x86.ActiveCfg = Release|Any CPU
		{4AAE017B-399E-4E78-99B5-EE4EE8B5584F}.Release|x86.Build.0 = Release|Any CPU
		{1AE7CEB6-7DA9-47D6-9AEF-BC423655564C}.Ad-Hoc|Any CPU.ActiveCfg = Release|Any CPU
		{1AE7CEB6-7DA9-47D6-9AEF-BC423655564C}.Ad-Hoc|Any CPU.Build.0 = Release|Any CPU
		{1AE7CEB6-7DA9-47D6-9AEF-BC423655564C}.Ad-Hoc|ARM.ActiveCfg = Release|Any CPU
		{1AE7CEB6-7DA9-47D6-9AEF-BC423655564C}.Ad-Hoc|ARM.Build.0 = Release|Any CPU
		{1AE7CEB6-7DA9-47D6-9AEF-BC423655564C}.Ad-Hoc|iPhone.ActiveCfg = Release|Any CPU
		{1AE7CEB6-7DA9-47D6-9AEF-BC423655564C}.Ad-Hoc|iPhone.Build.0 = Release|Any CPU
		{1AE7CEB6-7DA9-47D6-9AEF-BC423655564C}.Ad-Hoc|iPhoneSimulator.ActiveCfg = Release|Any CPU
		{1AE7CEB6-7DA9-47D6-9AEF-BC423655564C}.Ad-Hoc|iPhoneSimulator.Build.0 = Release|Any CPU
		{1AE7CEB6-7DA9-47D6-9AEF-BC423655564C}.Ad-Hoc|x64.ActiveCfg = Release|Any CPU
		{1AE7CEB6-7DA9-47D6-9AEF-BC423655564C}.Ad-Hoc|x64.Build.0 = Release|Any CPU
		{1AE7CEB6-7DA9-47D6-9AEF-BC423655564C}.Ad-Hoc|x86.ActiveCfg = Release|Any CPU
		{1AE7CEB6-7DA9-47D6-9AEF-BC423655564C}.Ad-Hoc|x86.Build.0 = Release|Any CPU
		{1AE7CEB6-7DA9-47D6-9AEF-BC423655564C}.AppStore|Any CPU.ActiveCfg = Release|Any CPU
		{1AE7CEB6-7DA9-47D6-9AEF-BC423655564C}.AppStore|Any CPU.Build.0 = Release|Any CPU
		{1AE7CEB6-7DA9-47D6-9AEF-BC423655564C}.AppStore|ARM.ActiveCfg = Release|Any CPU
		{1AE7CEB6-7DA9-47D6-9AEF-BC423655564C}.AppStore|ARM.Build.0 = Release|Any CPU
		{1AE7CEB6-7DA9-47D6-9AEF-BC423655564C}.AppStore|iPhone.ActiveCfg = Release|Any CPU
		{1AE7CEB6-7DA9-47D6-9AEF-BC423655564C}.AppStore|iPhone.Build.0 = Release|Any CPU
		{1AE7CEB6-7DA9-47D6-9AEF-BC423655564C}.AppStore|iPhoneSimulator.ActiveCfg = Release|Any CPU
		{1AE7CEB6-7DA9-47D6-9AEF-BC423655564C}.AppStore|iPhoneSimulator.Build.0 = Release|Any CPU
		{1AE7CEB6-7DA9-47D6-9AEF-BC423655564C}.AppStore|x64.ActiveCfg = Release|Any CPU
		{1AE7CEB6-7DA9-47D6-9AEF-BC423655564C}.AppStore|x64.Build.0 = Release|Any CPU
		{1AE7CEB6-7DA9-47D6-9AEF-BC423655564C}.AppStore|x86.ActiveCfg = Release|Any CPU
		{1AE7CEB6-7DA9-47D6-9AEF-BC423655564C}.AppStore|x86.Build.0 = Release|Any CPU
		{1AE7CEB6-7DA9-47D6-9AEF-BC423655564C}.Debug|Any CPU.ActiveCfg = Debug|Any CPU
		{1AE7CEB6-7DA9-47D6-9AEF-BC423655564C}.Debug|Any CPU.Build.0 = Debug|Any CPU
		{1AE7CEB6-7DA9-47D6-9AEF-BC423655564C}.Debug|ARM.ActiveCfg = Debug|Any CPU
		{1AE7CEB6-7DA9-47D6-9AEF-BC423655564C}.Debug|ARM.Build.0 = Debug|Any CPU
		{1AE7CEB6-7DA9-47D6-9AEF-BC423655564C}.Debug|iPhone.ActiveCfg = Debug|Any CPU
		{1AE7CEB6-7DA9-47D6-9AEF-BC423655564C}.Debug|iPhone.Build.0 = Debug|Any CPU
		{1AE7CEB6-7DA9-47D6-9AEF-BC423655564C}.Debug|iPhoneSimulator.ActiveCfg = Debug|Any CPU
		{1AE7CEB6-7DA9-47D6-9AEF-BC423655564C}.Debug|iPhoneSimulator.Build.0 = Debug|Any CPU
		{1AE7CEB6-7DA9-47D6-9AEF-BC423655564C}.Debug|x64.ActiveCfg = Debug|Any CPU
		{1AE7CEB6-7DA9-47D6-9AEF-BC423655564C}.Debug|x64.Build.0 = Debug|Any CPU
		{1AE7CEB6-7DA9-47D6-9AEF-BC423655564C}.Debug|x86.ActiveCfg = Debug|Any CPU
		{1AE7CEB6-7DA9-47D6-9AEF-BC423655564C}.Debug|x86.Build.0 = Debug|Any CPU
		{1AE7CEB6-7DA9-47D6-9AEF-BC423655564C}.Release|Any CPU.ActiveCfg = Release|Any CPU
		{1AE7CEB6-7DA9-47D6-9AEF-BC423655564C}.Release|Any CPU.Build.0 = Release|Any CPU
		{1AE7CEB6-7DA9-47D6-9AEF-BC423655564C}.Release|ARM.ActiveCfg = Release|Any CPU
		{1AE7CEB6-7DA9-47D6-9AEF-BC423655564C}.Release|ARM.Build.0 = Release|Any CPU
		{1AE7CEB6-7DA9-47D6-9AEF-BC423655564C}.Release|iPhone.ActiveCfg = Release|Any CPU
		{1AE7CEB6-7DA9-47D6-9AEF-BC423655564C}.Release|iPhone.Build.0 = Release|Any CPU
		{1AE7CEB6-7DA9-47D6-9AEF-BC423655564C}.Release|iPhoneSimulator.ActiveCfg = Release|Any CPU
		{1AE7CEB6-7DA9-47D6-9AEF-BC423655564C}.Release|iPhoneSimulator.Build.0 = Release|Any CPU
		{1AE7CEB6-7DA9-47D6-9AEF-BC423655564C}.Release|x64.ActiveCfg = Release|Any CPU
		{1AE7CEB6-7DA9-47D6-9AEF-BC423655564C}.Release|x64.Build.0 = Release|Any CPU
		{1AE7CEB6-7DA9-47D6-9AEF-BC423655564C}.Release|x86.ActiveCfg = Release|Any CPU
		{1AE7CEB6-7DA9-47D6-9AEF-BC423655564C}.Release|x86.Build.0 = Release|Any CPU
	EndGlobalSection
	GlobalSection(SolutionProperties) = preSolution
		HideSolutionNode = FALSE
	EndGlobalSection
	GlobalSection(ExtensibilityGlobals) = postSolution
		SolutionGuid = {587EC026-6534-456D-BACC-1B33572A6263}
	EndGlobalSection
EndGlobal
